
Microsoft Visual Studio Solution File, Format Version 12.00
# Visual Studio Version 17
VisualStudioVersion = 17.11.35312.102
MinimumVisualStudioVersion = 10.0.40219.1
Project("{8BC9CEB8-8B4A-11D0-8D11-00A0C91BC942}") = "MyLanguage", "MyLanguage\MyLanguageWindows.vcxproj", "{5CD665E0-586B-4E54-9446-5B31904425E3}"
	ProjectSection(ProjectDependencies) = postProject
		{0F0FE03A-78F3-4B34-9DCE-0CDFF1FB5C40} = {0F0FE03A-78F3-4B34-9DCE-0CDFF1FB5C40}
	EndProjectSection
EndProject
Project("{8BC9CEB8-8B4A-11D0-8D11-00A0C91BC942}") = "C", "antlr-runtime-c\C.vcxproj", "{0F0FE03A-78F3-4B34-9DCE-0CDFF1FB5C40}"
EndProject
Global
	GlobalSection(SolutionConfigurationPlatforms) = preSolution
		Debug|ARM = Debug|ARM
		Debug|ARM64 = Debug|ARM64
		Debug|x64 = Debug|x64
		Debug|x86 = Debug|x86
		DebugDLL|ARM = DebugDLL|ARM
		DebugDLL|ARM64 = DebugDLL|ARM64
		DebugDLL|x64 = DebugDLL|x64
		DebugDLL|x86 = DebugDLL|x86
		Release|ARM = Release|ARM
		Release|ARM64 = Release|ARM64
		Release|x64 = Release|x64
		Release|x86 = Release|x86
		ReleaseDLL|ARM = ReleaseDLL|ARM
		ReleaseDLL|ARM64 = ReleaseDLL|ARM64
		ReleaseDLL|x64 = ReleaseDLL|x64
		ReleaseDLL|x86 = ReleaseDLL|x86
	EndGlobalSection
	GlobalSection(ProjectConfigurationPlatforms) = postSolution
		{5CD665E0-586B-4E54-9446-5B31904425E3}.Debug|ARM.ActiveCfg = Debug|x64
		{5CD665E0-586B-4E54-9446-5B31904425E3}.Debug|ARM.Build.0 = Debug|x64
		{5CD665E0-586B-4E54-9446-5B31904425E3}.Debug|ARM64.ActiveCfg = Debug|x64
		{5CD665E0-586B-4E54-9446-5B31904425E3}.Debug|ARM64.Build.0 = Debug|x64
		{5CD665E0-586B-4E54-9446-5B31904425E3}.Debug|x64.ActiveCfg = Debug|x64
		{5CD665E0-586B-4E54-9446-5B31904425E3}.Debug|x64.Build.0 = Debug|x64
		{5CD665E0-586B-4E54-9446-5B31904425E3}.Debug|x86.ActiveCfg = Debug|Win32
		{5CD665E0-586B-4E54-9446-5B31904425E3}.Debug|x86.Build.0 = Debug|Win32
		{5CD665E0-586B-4E54-9446-5B31904425E3}.DebugDLL|ARM.ActiveCfg = Debug|x64
		{5CD665E0-586B-4E54-9446-5B31904425E3}.DebugDLL|ARM.Build.0 = Debug|x64
		{5CD665E0-586B-4E54-9446-5B31904425E3}.DebugDLL|ARM64.ActiveCfg = Debug|x64
		{5CD665E0-586B-4E54-9446-5B31904425E3}.DebugDLL|ARM64.Build.0 = Debug|x64
		{5CD665E0-586B-4E54-9446-5B31904425E3}.DebugDLL|x64.ActiveCfg = Debug|x64
		{5CD665E0-586B-4E54-9446-5B31904425E3}.DebugDLL|x64.Build.0 = Debug|x64
		{5CD665E0-586B-4E54-9446-5B31904425E3}.DebugDLL|x86.ActiveCfg = Debug|Win32
		{5CD665E0-586B-4E54-9446-5B31904425E3}.DebugDLL|x86.Build.0 = Debug|Win32
		{5CD665E0-586B-4E54-9446-5B31904425E3}.Release|ARM.ActiveCfg = Release|x64
		{5CD665E0-586B-4E54-9446-5B31904425E3}.Release|ARM.Build.0 = Release|x64
		{5CD665E0-586B-4E54-9446-5B31904425E3}.Release|ARM64.ActiveCfg = Release|x64
		{5CD665E0-586B-4E54-9446-5B31904425E3}.Release|ARM64.Build.0 = Release|x64
		{5CD665E0-586B-4E54-9446-5B31904425E3}.Release|x64.ActiveCfg = Release|x64
		{5CD665E0-586B-4E54-9446-5B31904425E3}.Release|x64.Build.0 = Release|x64
		{5CD665E0-586B-4E54-9446-5B31904425E3}.Release|x86.ActiveCfg = Release|Win32
		{5CD665E0-586B-4E54-9446-5B31904425E3}.Release|x86.Build.0 = Release|Win32
		{5CD665E0-586B-4E54-9446-5B31904425E3}.ReleaseDLL|ARM.ActiveCfg = Release|x64
		{5CD665E0-586B-4E54-9446-5B31904425E3}.ReleaseDLL|ARM.Build.0 = Release|x64
		{5CD665E0-586B-4E54-9446-5B31904425E3}.ReleaseDLL|ARM64.ActiveCfg = Release|x64
		{5CD665E0-586B-4E54-9446-5B31904425E3}.ReleaseDLL|ARM64.Build.0 = Release|x64
		{5CD665E0-586B-4E54-9446-5B31904425E3}.ReleaseDLL|x64.ActiveCfg = Release|x64
		{5CD665E0-586B-4E54-9446-5B31904425E3}.ReleaseDLL|x64.Build.0 = Release|x64
		{5CD665E0-586B-4E54-9446-5B31904425E3}.ReleaseDLL|x86.ActiveCfg = Release|Win32
		{5CD665E0-586B-4E54-9446-5B31904425E3}.ReleaseDLL|x86.Build.0 = Release|Win32
		{0F0FE03A-78F3-4B34-9DCE-0CDFF1FB5C40}.Debug|ARM.ActiveCfg = Debug|x64
		{0F0FE03A-78F3-4B34-9DCE-0CDFF1FB5C40}.Debug|ARM.Build.0 = Debug|x64
		{0F0FE03A-78F3-4B34-9DCE-0CDFF1FB5C40}.Debug|ARM64.ActiveCfg = Debug|x64
		{0F0FE03A-78F3-4B34-9DCE-0CDFF1FB5C40}.Debug|ARM64.Build.0 = Debug|x64
		{0F0FE03A-78F3-4B34-9DCE-0CDFF1FB5C40}.Debug|x64.ActiveCfg = Debug|x64
		{0F0FE03A-78F3-4B34-9DCE-0CDFF1FB5C40}.Debug|x64.Build.0 = Debug|x64
		{0F0FE03A-78F3-4B34-9DCE-0CDFF1FB5C40}.Debug|x86.ActiveCfg = Debug|Win32
		{0F0FE03A-78F3-4B34-9DCE-0CDFF1FB5C40}.Debug|x86.Build.0 = Debug|Win32
		{0F0FE03A-78F3-4B34-9DCE-0CDFF1FB5C40}.DebugDLL|ARM.ActiveCfg = DebugDLL|x64
		{0F0FE03A-78F3-4B34-9DCE-0CDFF1FB5C40}.DebugDLL|ARM.Build.0 = DebugDLL|x64
		{0F0FE03A-78F3-4B34-9DCE-0CDFF1FB5C40}.DebugDLL|ARM64.ActiveCfg = DebugDLL|x64
		{0F0FE03A-78F3-4B34-9DCE-0CDFF1FB5C40}.DebugDLL|ARM64.Build.0 = DebugDLL|x64
		{0F0FE03A-78F3-4B34-9DCE-0CDFF1FB5C40}.DebugDLL|x64.ActiveCfg = DebugDLL|x64
		{0F0FE03A-78F3-4B34-9DCE-0CDFF1FB5C40}.DebugDLL|x64.Build.0 = DebugDLL|x64
		{0F0FE03A-78F3-4B34-9DCE-0CDFF1FB5C40}.DebugDLL|x86.ActiveCfg = DebugDLL|Win32
		{0F0FE03A-78F3-4B34-9DCE-0CDFF1FB5C40}.DebugDLL|x86.Build.0 = DebugDLL|Win32
		{0F0FE03A-78F3-4B34-9DCE-0CDFF1FB5C40}.Release|ARM.ActiveCfg = Release|x64
		{0F0FE03A-78F3-4B34-9DCE-0CDFF1FB5C40}.Release|ARM.Build.0 = Release|x64
		{0F0FE03A-78F3-4B34-9DCE-0CDFF1FB5C40}.Release|ARM64.ActiveCfg = Release|x64
		{0F0FE03A-78F3-4B34-9DCE-0CDFF1FB5C40}.Release|ARM64.Build.0 = Release|x64
		{0F0FE03A-78F3-4B34-9DCE-0CDFF1FB5C40}.Release|x64.ActiveCfg = Release|x64
		{0F0FE03A-78F3-4B34-9DCE-0CDFF1FB5C40}.Release|x64.Build.0 = Release|x64
		{0F0FE03A-78F3-4B34-9DCE-0CDFF1FB5C40}.Release|x86.ActiveCfg = Release|Win32
		{0F0FE03A-78F3-4B34-9DCE-0CDFF1FB5C40}.Release|x86.Build.0 = Release|Win32
		{0F0FE03A-78F3-4B34-9DCE-0CDFF1FB5C40}.ReleaseDLL|ARM.ActiveCfg = ReleaseDLL|x64
		{0F0FE03A-78F3-4B34-9DCE-0CDFF1FB5C40}.ReleaseDLL|ARM.Build.0 = ReleaseDLL|x64
		{0F0FE03A-78F3-4B34-9DCE-0CDFF1FB5C40}.ReleaseDLL|ARM64.ActiveCfg = ReleaseDLL|x64
		{0F0FE03A-78F3-4B34-9DCE-0CDFF1FB5C40}.ReleaseDLL|ARM64.Build.0 = ReleaseDLL|x64
		{0F0FE03A-78F3-4B34-9DCE-0CDFF1FB5C40}.ReleaseDLL|x64.ActiveCfg = ReleaseDLL|x64
		{0F0FE03A-78F3-4B34-9DCE-0CDFF1FB5C40}.ReleaseDLL|x64.Build.0 = ReleaseDLL|x64
		{0F0FE03A-78F3-4B34-9DCE-0CDFF1FB5C40}.ReleaseDLL|x86.ActiveCfg = ReleaseDLL|Win32
		{0F0FE03A-78F3-4B34-9DCE-0CDFF1FB5C40}.ReleaseDLL|x86.Build.0 = ReleaseDLL|Win32
	EndGlobalSection
	GlobalSection(SolutionProperties) = preSolution
		HideSolutionNode = FALSE
	EndGlobalSection
	GlobalSection(ExtensibilityGlobals) = postSolution
		SolutionGuid = {65C41C0E-1CEB-4E40-BCD3-7E98407E6BA8}
	EndGlobalSection
EndGlobal
